{
  "nodes": {
    "clippy-reviewdog-filter-src": {
      "flake": false,
      "locked": {
        "lastModified": 1714915026,
        "narHash": "sha256-W4rKeaXKxn9MBCDv57OPkuK/fGb6M7SzfYsgj0IYd14=",
        "owner": "qnighy",
        "repo": "clippy-reviewdog-filter",
        "rev": "375e34bc425407c0f41bba274878072771ac6591",
        "type": "github"
      },
      "original": {
        "owner": "qnighy",
        "repo": "clippy-reviewdog-filter",
        "type": "github"
      }
    },
    "nixpkgs": {
      "locked": {
        "lastModified": 1742669843,
        "narHash": "sha256-G5n+FOXLXcRx+3hCJ6Rt6ZQyF1zqQ0DL0sWAMn2Nk0w=",
        "owner": "nixos",
        "repo": "nixpkgs",
        "rev": "1e5b653dff12029333a6546c11e108ede13052eb",
        "type": "github"
      },
      "original": {
        "owner": "nixos",
        "ref": "nixos-unstable",
        "repo": "nixpkgs",
        "type": "github"
      }
    },
    "root": {
      "inputs": {
        "clippy-reviewdog-filter-src": "clippy-reviewdog-filter-src",
        "nixpkgs": "nixpkgs",
        "rust-overlay": "rust-overlay"
      }
    },
    "rust-overlay": {
      "inputs": {
        "nixpkgs": [
          "nixpkgs"
        ]
      },
      "locked": {
        "lastModified": 1753671061,
        "narHash": "sha256-IU4eBWfe9h2QejJYST+EAlhg8a1H6mh9gbcmWgZ2/mQ=",
        "owner": "oxalica",
        "repo": "rust-overlay",
        "rev": "40065d17ee4dbec3ded8ca61236132aede843fab",
        "type": "github"
      },
      "original": {
        "owner": "oxalica",
        "repo": "rust-overlay",
        "type": "github"
      }
    }
  },
  "root": "root",
  "version": 7
}
